
Microsoft Visual Studio Solution File, Format Version 12.00
# Visual Studio Version 17
VisualStudioVersion = 17.11.35312.102
MinimumVisualStudioVersion = 10.0.40219.1
Project("{9A19103F-16F7-4668-BE54-9A1E7A4F7556}") = "LabbBlazorApp", "LabbBlazorApp\LabbBlazorApp.csproj", "{6DB03EE2-BB08-465D-9B22-B966798A09EE}"
EndProject
Global
	GlobalSection(SolutionConfigurationPlatforms) = preSolution
		Debug|Any CPU = Debug|Any CPU
		Release|Any CPU = Release|Any CPU
	EndGlobalSection
	GlobalSection(ProjectConfigurationPlatforms) = postSolution
		{6DB03EE2-BB08-465D-9B22-B966798A09EE}.Debug|Any CPU.ActiveCfg = Debug|Any CPU
		{6DB03EE2-BB08-465D-9B22-B966798A09EE}.Debug|Any CPU.Build.0 = Debug|Any CPU
		{6DB03EE2-BB08-465D-9B22-B966798A09EE}.Release|Any CPU.ActiveCfg = Release|Any CPU
		{6DB03EE2-BB08-465D-9B22-B966798A09EE}.Release|Any CPU.Build.0 = Release|Any CPU
	EndGlobalSection
	GlobalSection(SolutionProperties) = preSolution
		HideSolutionNode = FALSE
	EndGlobalSection
	GlobalSection(ExtensibilityGlobals) = postSolution
		SolutionGuid = {4C951356-EA2D-4ABF-AF37-D8FCDE46D0FF}
	EndGlobalSection
EndGlobal
